<?xml version="1.0" encoding="utf-8"?>
<Project ToolsVersion="4.0" xmlns="http://schemas.microsoft.com/developer/msbuild/2003">
  <ItemGroup>
    <Filter Include="Source Files">
      <UniqueIdentifier>{4FC737F1-C7A5-4376-A066-2A32D752A2FF}</UniqueIdentifier>
      <Extensions>cpp;c;cc;cxx;c++;def;odl;idl;hpj;bat;asm;asmx</Extensions>
    </Filter>
    <Filter Include="Header Files">
      <UniqueIdentifier>{93995380-89BD-4B04-88EB-625FBE52EBFB}</UniqueIdentifier>
      <Extensions>h;hh;hpp;hxx;hm;inl;inc;xsd</Extensions>
    </Filter>
  </ItemGroup>
  <ItemGroup>
    <ClInclude Include="vst_host_bridge.h">
      <Filter>Header Files</Filter>
    </ClInclude>
    <ClInclude Include="vst_chain.h">
      <Filter>Header Files</Filter>
    </ClInclude>
    <ClInclude Include="vst2_runtime.h">
      <Filter>Header Files</Filter>
    </ClInclude>
    <ClInclude Include="vst3_sdk.h">
      <Filter>Header Files</Filter>
    </ClInclude>
    <ClInclude Include="vst_runtime.h">
      <Filter>Header Files</Filter>
    </ClInclude>
    <ClInclude Include="vst_plugin_runtime.h">
      <Filter>Header Files</Filter>
    </ClInclude>
  </ItemGroup>
  <ItemGroup>
    <ClCompile Include="vst_host_bridge.cpp">
      <Filter>Source Files</Filter>
    </ClCompile>
    <ClCompile Include="vst2_runtime.cpp">
      <Filter>Source Files</Filter>
    </ClCompile>
    <ClCompile Include="vst3_sdk.cpp">
      <Filter>Source Files</Filter>
    </ClCompile>
    <ClCompile Include="vst_runtime.cpp">
      <Filter>Source Files</Filter>
    </ClCompile>
    <ClCompile Include="vst_plugin_runtime.cpp">
      <Filter>Source Files</Filter>
    </ClCompile>
    <ClCompile Include="..\..\lib\vst3sdk\pluginterfaces\base\funknown.cpp">
      <Filter>Source Files</Filter>
    </ClCompile>
    <ClCompile Include="..\..\lib\vst3sdk\pluginterfaces\base\coreiids.cpp">
      <Filter>Source Files</Filter>
    </ClCompile>
    <ClCompile Include="..\..\lib\vst3sdk\public.sdk\source\common\commonstringconvert.cpp">
      <Filter>Source Files</Filter>
    </ClCompile>
    <ClCompile Include="..\..\lib\vst3sdk\public.sdk\source\vst\hosting\hostclasses.cpp">
      <Filter>Source Files</Filter>
    </ClCompile>
    <ClCompile Include="..\..\lib\vst3sdk\public.sdk\source\vst\hosting\module.cpp">
      <Filter>Source Files</Filter>
    </ClCompile>
    <ClCompile Include="..\..\lib\vst3sdk\public.sdk\source\vst\hosting\module_win32.cpp">
      <Filter>Source Files</Filter>
    </ClCompile>
    <ClCompile Include="..\..\lib\vst3sdk\public.sdk\source\vst\hosting\pluginterfacesupport.cpp">
      <Filter>Source Files</Filter>
    </ClCompile>
    <ClCompile Include="..\..\lib\vst3sdk\public.sdk\source\vst\hosting\processdata.cpp">
      <Filter>Source Files</Filter>
    </ClCompile>
    <ClCompile Include="..\..\lib\vst3sdk\public.sdk\source\vst\utility\stringconvert.cpp">
      <Filter>Source Files</Filter>
    </ClCompile>
    <ClCompile Include="..\..\lib\vst3sdk\public.sdk\source\vst\vstinitiids.cpp">
      <Filter>Source Files</Filter>
    </ClCompile>
  </ItemGroup>
</Project>
