<?xml version="1.0" encoding="utf-8"?>
<Project ToolsVersion="4.0" xmlns="http://schemas.microsoft.com/developer/msbuild/2003">
  <ItemGroup>
    <Filter Include="Source Files">
      <UniqueIdentifier>{db7b6e2a-7524-4e2d-a498-b2d5da347536}</UniqueIdentifier>
      <Extensions>cpp;c;cxx;rc;def;r;odl;idl;hpj;bat</Extensions>
    </Filter>
    <Filter Include="Source Files\common">
      <UniqueIdentifier>{f32cfde5-1768-47d1-903d-83c138064946}</UniqueIdentifier>
    </Filter>
    <Filter Include="Source Files\hostapi">
      <UniqueIdentifier>{9934ac87-083d-4c7c-b239-c70a30539fb8}</UniqueIdentifier>
    </Filter>
    <Filter Include="Source Files\hostapi\ASIO">
      <UniqueIdentifier>{3c007667-ca94-462f-8b63-3bd897bf1b67}</UniqueIdentifier>
    </Filter>
    <Filter Include="Source Files\hostapi\ASIO\ASIOSDK">
      <UniqueIdentifier>{aac26c1f-0eeb-4811-9162-00349dd3446a}</UniqueIdentifier>
    </Filter>
    <Filter Include="Source Files\hostapi\dsound">
      <UniqueIdentifier>{8e2e34a3-57f8-4e91-b3ad-8fd591eb97f0}</UniqueIdentifier>
    </Filter>
    <Filter Include="Source Files\hostapi\wmme">
      <UniqueIdentifier>{5705c585-bbf6-4e54-9684-d1ddb647e821}</UniqueIdentifier>
    </Filter>
    <Filter Include="Source Files\hostapi\wasapi">
      <UniqueIdentifier>{34118ee3-82cc-42f7-8cbd-65930e0a07a4}</UniqueIdentifier>
    </Filter>
    <Filter Include="Source Files\hostapi\wdmks">
      <UniqueIdentifier>{cbd28166-af1c-4265-984e-f4c9b2a02c9b}</UniqueIdentifier>
    </Filter>
    <Filter Include="Source Files\os">
      <UniqueIdentifier>{815c4f2f-9a84-4a48-817e-594e464bac13}</UniqueIdentifier>
    </Filter>
    <Filter Include="Source Files\os\win">
      <UniqueIdentifier>{1be1c57b-6bad-4998-95d6-975023d6ee28}</UniqueIdentifier>
    </Filter>
    <Filter Include="Resource Files">
      <UniqueIdentifier>{ba1d28eb-e8b4-4754-9485-38703001777d}</UniqueIdentifier>
      <Extensions>ico;cur;bmp;dlg;rc2;rct;bin;rgs;gif;jpg;jpeg;jpe</Extensions>
    </Filter>
    <Filter Include="Header Files">
      <UniqueIdentifier>{b28c28ff-1b00-48e4-a365-ac88ec722602}</UniqueIdentifier>
      <Extensions>h;hpp;hxx;hm;inl</Extensions>
    </Filter>
  </ItemGroup>
  <ItemGroup>
    <ClCompile Include="..\src\common\pa_allocation.c">
      <Filter>Source Files\common</Filter>
    </ClCompile>
    <ClCompile Include="..\src\common\pa_converters.c">
      <Filter>Source Files\common</Filter>
    </ClCompile>
    <ClCompile Include="..\src\common\pa_cpuload.c">
      <Filter>Source Files\common</Filter>
    </ClCompile>
    <ClCompile Include="..\src\common\pa_debugprint.c">
      <Filter>Source Files\common</Filter>
    </ClCompile>
    <ClCompile Include="..\src\common\pa_dither.c">
      <Filter>Source Files\common</Filter>
    </ClCompile>
    <ClCompile Include="..\src\common\pa_front.c">
      <Filter>Source Files\common</Filter>
    </ClCompile>
    <ClCompile Include="..\src\hostapi\skeleton\pa_hostapi_skeleton.c">
      <Filter>Source Files\common</Filter>
    </ClCompile>
    <ClCompile Include="..\src\common\pa_process.c">
      <Filter>Source Files\common</Filter>
    </ClCompile>
    <ClCompile Include="..\src\common\pa_ringbuffer.c">
      <Filter>Source Files\common</Filter>
    </ClCompile>
    <ClCompile Include="..\src\common\pa_stream.c">
      <Filter>Source Files\common</Filter>
    </ClCompile>
    <ClCompile Include="..\src\common\pa_trace.c">
      <Filter>Source Files\common</Filter>
    </ClCompile>
    <ClCompile Include="..\src\hostapi\asio\pa_asio.cpp">
      <Filter>Source Files\hostapi\ASIO</Filter>
    </ClCompile>
    <ClCompile Include="..\src\hostapi\asio\ASIOSDK\common\asio.cpp">
      <Filter>Source Files\hostapi\ASIO\ASIOSDK</Filter>
    </ClCompile>
    <ClCompile Include="..\src\hostapi\asio\ASIOSDK\host\asiodrivers.cpp">
      <Filter>Source Files\hostapi\ASIO\ASIOSDK</Filter>
    </ClCompile>
    <ClCompile Include="..\src\hostapi\asio\ASIOSDK\host\pc\asiolist.cpp">
      <Filter>Source Files\hostapi\ASIO\ASIOSDK</Filter>
    </ClCompile>
    <ClCompile Include="..\src\hostapi\dsound\pa_win_ds.c">
      <Filter>Source Files\hostapi\dsound</Filter>
    </ClCompile>
    <ClCompile Include="..\src\hostapi\dsound\pa_win_ds_dynlink.c">
      <Filter>Source Files\hostapi\dsound</Filter>
    </ClCompile>
    <ClCompile Include="..\src\hostapi\wmme\pa_win_wmme.c">
      <Filter>Source Files\hostapi\wmme</Filter>
    </ClCompile>
    <ClCompile Include="..\src\hostapi\wasapi\pa_win_wasapi.c">
      <Filter>Source Files\hostapi\wasapi</Filter>
    </ClCompile>
    <ClCompile Include="..\src\hostapi\wdmks\pa_win_wdmks.c">
      <Filter>Source Files\hostapi\wdmks</Filter>
    </ClCompile>
    <ClCompile Include="..\src\os\win\pa_win_coinitialize.c">
      <Filter>Source Files\os\win</Filter>
    </ClCompile>
    <ClCompile Include="..\src\os\win\pa_win_hostapis.c">
      <Filter>Source Files\os\win</Filter>
    </ClCompile>
    <ClCompile Include="..\src\os\win\pa_win_util.c">
      <Filter>Source Files\os\win</Filter>
    </ClCompile>
    <ClCompile Include="..\src\os\win\pa_win_waveformat.c">
      <Filter>Source Files\os\win</Filter>
    </ClCompile>
    <ClCompile Include="..\src\os\win\pa_win_wdmks_utils.c">
      <Filter>Source Files\os\win</Filter>
    </ClCompile>
    <ClCompile Include="..\src\os\win\pa_x86_plain_converters.c">
      <Filter>Source Files\os\win</Filter>
    </ClCompile>
  </ItemGroup>
  <ItemGroup>
    <None Include="portaudio.def">
      <Filter>Resource Files</Filter>
    </None>
  </ItemGroup>
  <ItemGroup>
    <ClInclude Include="..\include\pa_asio.h">
      <Filter>Header Files</Filter>
    </ClInclude>
    <ClInclude Include="..\include\pa_win_ds.h">
      <Filter>Header Files</Filter>
    </ClInclude>
    <ClInclude Include="..\include\pa_win_wasapi.h">
      <Filter>Header Files</Filter>
    </ClInclude>
    <ClInclude Include="..\include\pa_win_waveformat.h">
      <Filter>Header Files</Filter>
    </ClInclude>
    <ClInclude Include="..\include\pa_win_wmme.h">
      <Filter>Header Files</Filter>
    </ClInclude>
    <ClInclude Include="..\include\portaudio_meh.h">
      <Filter>Header Files</Filter>
    </ClInclude>
    <ClInclude Include="..\..\..\..\..\lib\portaudio\include\portaudio.h">
      <Filter>Header Files</Filter>
    </ClInclude>
  </ItemGroup>
</Project>